// !$*UTF8*$!
{
	archiveVersion = 1;
	classes = {
	};
	objectVersion = 50;
	objects = {

/* Begin PBXBuildFile section */
		26221A252469ED8400EEE9AD /* AppDelegate.swift in Sources */ = {isa = PBXBuildFile; fileRef = 26221A242469ED8400EEE9AD /* AppDelegate.swift */; };
		26221A272469ED8400EEE9AD /* SceneDelegate.swift in Sources */ = {isa = PBXBuildFile; fileRef = 26221A262469ED8400EEE9AD /* SceneDelegate.swift */; };
		26221A292469ED8400EEE9AD /* ViewController.swift in Sources */ = {isa = PBXBuildFile; fileRef = 26221A282469ED8400EEE9AD /* ViewController.swift */; };
		26221A2C2469ED8400EEE9AD /* Main.storyboard in Resources */ = {isa = PBXBuildFile; fileRef = 26221A2A2469ED8400EEE9AD /* Main.storyboard */; };
		26221A2E2469ED8600EEE9AD /* Assets.xcassets in Resources */ = {isa = PBXBuildFile; fileRef = 26221A2D2469ED8600EEE9AD /* Assets.xcassets */; };
		26221A312469ED8600EEE9AD /* LaunchScreen.storyboard in Resources */ = {isa = PBXBuildFile; fileRef = 26221A2F2469ED8600EEE9AD /* LaunchScreen.storyboard */; };
/* End PBXBuildFile section */

/* Begin PBXFileReference section */
		26221A212469ED8400EEE9AD /* LearnAlgo.app */ = {isa = PBXFileReference; explicitFileType = wrapper.application; includeInIndex = 0; path = LearnAlgo.app; sourceTree = BUILT_PRODUCTS_DIR; };
		26221A242469ED8400EEE9AD /* AppDelegate.swift */ = {isa = PBXFileReference; lastKnownFileType = sourcecode.swift; path = AppDelegate.swift; sourceTree = "<group>"; };
		26221A262469ED8400EEE9AD /* SceneDelegate.swift */ = {isa = PBXFileReference; lastKnownFileType = sourcecode.swift; path = SceneDelegate.swift; sourceTree = "<group>"; };
		26221A282469ED8400EEE9AD /* ViewController.swift */ = {isa = PBXFileReference; lastKnownFileType = sourcecode.swift; path = ViewController.swift; sourceTree = "<group>"; };
		26221A2B2469ED8400EEE9AD /* Base */ = {isa = PBXFileReference; lastKnownFileType = file.storyboard; name = Base; path = Base.lproj/Main.storyboard; sourceTree = "<group>"; };
		26221A2D2469ED8600EEE9AD /* Assets.xcassets */ = {isa = PBXFileReference; lastKnownFileType = folder.assetcatalog; path = Assets.xcassets; sourceTree = "<group>"; };
		26221A302469ED8600EEE9AD /* Base */ = {isa = PBXFileReference; lastKnownFileType = file.storyboard; name = Base; path = Base.lproj/LaunchScreen.storyboard; sourceTree = "<group>"; };
		26221A322469ED8600EEE9AD /* Info.plist */ = {isa = PBXFileReference; lastKnownFileType = text.plist.xml; path = Info.plist; sourceTree = "<group>"; };
/* End PBXFileReference section */

/* Begin PBXFrameworksBuildPhase section */
		26221A1E2469ED8400EEE9AD /* Frameworks */ = {
			isa = PBXFrameworksBuildPhase;
			buildActionMask = 2147483647;
			files = (
			);
			runOnlyForDeploymentPostprocessing = 0;
		};
/* End PBXFrameworksBuildPhase section */

/* Begin PBXGroup section */
		26221A182469ED8400EEE9AD = {
			isa = PBXGroup;
			children = (
				26221A232469ED8400EEE9AD /* LearnAlgo */,
				26221A222469ED8400EEE9AD /* Products */,
			);
			sourceTree = "<group>";
		};
		26221A222469ED8400EEE9AD /* Products */ = {
			isa = PBXGroup;
			children = (
				26221A212469ED8400EEE9AD /* LearnAlgo.app */,
			);
			name = Products;
			sourceTree = "<group>";
		};
		26221A232469ED8400EEE9AD /* LearnAlgo */ = {
			isa = PBXGroup;
			children = (
				26221A242469ED8400EEE9AD /* AppDelegate.swift */,
				26221A262469ED8400EEE9AD /* SceneDelegate.swift */,
				26221A282469ED8400EEE9AD /* ViewController.swift */,
				26221A2A2469ED8400EEE9AD /* Main.storyboard */,
				26221A2D2469ED8600EEE9AD /* Assets.xcassets */,
				26221A2F2469ED8600EEE9AD /* LaunchScreen.storyboard */,
				26221A322469ED8600EEE9AD /* Info.plist */,
			);
			path = LearnAlgo;
			sourceTree = "<group>";
		};
/* End PBXGroup section */

/* Begin PBXNativeTarget section */
		26221A202469ED8400EEE9AD /* LearnAlgo */ = {
			isa = PBXNativeTarget;
			buildConfigurationList = 26221A352469ED8600EEE9AD /* Build configuration list for PBXNativeTarget "LearnAlgo" */;
			buildPhases = (
				26221A1D2469ED8400EEE9AD /* Sources */,
				26221A1E2469ED8400EEE9AD /* Frameworks */,
				26221A1F2469ED8400EEE9AD /* Resources */,
			);
			buildRules = (
			);
			dependencies = (
			);
			name = LearnAlgo;
			productName = LearnAlgo;
			productReference = 26221A212469ED8400EEE9AD /* LearnAlgo.app */;
			productType = "com.apple.product-type.application";
		};
/* End PBXNativeTarget section */

/* Begin PBXProject section */
		26221A192469ED8400EEE9AD /* Project object */ = {
			isa = PBXProject;
			attributes = {
				LastSwiftUpdateCheck = 1130;
				LastUpgradeCheck = 1130;
				ORGANIZATIONNAME = "Ky Nguyen";
				TargetAttributes = {
					26221A202469ED8400EEE9AD = {
						CreatedOnToolsVersion = 11.3.1;
					};
				};
			};
			buildConfigurationList = 26221A1C2469ED8400EEE9AD /* Build configuration list for PBXProject "LearnAlgo" */;
			compatibilityVersion = "Xcode 9.3";
			developmentRegion = en;
			hasScannedForEncodings = 0;
			knownRegions = (
				en,
				Base,
			);
			mainGroup = 26221A182469ED8400EEE9AD;
			productRefGroup = 26221A222469ED8400EEE9AD /* Products */;
			projectDirPath = "";
			projectRoot = "";
			targets = (
				26221A202469ED8400EEE9AD /* LearnAlgo */,
			);
		};
/* End PBXProject section */

/* Begin PBXResourcesBuildPhase section */
		26221A1F2469ED8400EEE9AD /* Resources */ = {
			isa = PBXResourcesBuildPhase;
			buildActionMask = 2147483647;
			files = (
				26221A312469ED8600EEE9AD /* LaunchScreen.storyboard in Resources */,
				26221A2E2469ED8600EEE9AD /* Assets.xcassets in Resources */,
				26221A2C2469ED8400EEE9AD /* Main.storyboard in Resources */,
			);
			runOnlyForDeploymentPostprocessing = 0;
		};
/* End PBXResourcesBuildPhase section */

/* Begin PBXSourcesBuildPhase section */
		26221A1D2469ED8400EEE9AD /* Sources */ = {
			isa = PBXSourcesBuildPhase;
			buildActionMask = 2147483647;
			files = (
				26221A292469ED8400EEE9AD /* ViewController.swift in Sources */,
				26221A252469ED8400EEE9AD /* AppDelegate.swift in Sources */,
				26221A272469ED8400EEE9AD /* SceneDelegate.swift in Sources */,
			);
			runOnlyForDeploymentPostprocessing = 0;
		};
/* End PBXSourcesBuildPhase section */

/* Begin PBXVariantGroup section */
		26221A2A2469ED8400EEE9AD /* Main.storyboard */ = {
			isa = PBXVariantGroup;
			children = (
				26221A2B2469ED8400EEE9AD /* Base */,
			);
			name = Main.storyboard;
			sourceTree = "<group>";
		};
		26221A2F2469ED8600EEE9AD /* LaunchScreen.storyboard */ = {
			isa = PBXVariantGroup;
			children = (
				26221A302469ED8600EEE9AD /* Base */,
			);
			name = LaunchScreen.storyboard;
			sourceTree = "<group>";
		};
/* End PBXVariantGroup section */

/* Begin XCBuildConfiguration section */
		26221A332469ED8600EEE9AD /* Debug */ = {
			isa = XCBuildConfiguration;
			buildSettings = {
				ALWAYS_SEARCH_USER_PATHS = NO;
				CLANG_ANALYZER_NONNULL = YES;
				CLANG_ANALYZER_NUMBER_OBJECT_CONVERSION = YES_AGGRESSIVE;
				CLANG_CXX_LANGUAGE_STANDARD = "gnu++14";
				CLANG_CXX_LIBRARY = "libc++";
				CLANG_ENABLE_MODULES = YES;
				CLANG_ENABLE_OBJC_ARC = YES;
				CLANG_ENABLE_OBJC_WEAK = YES;
				CLANG_WARN_BLOCK_CAPTURE_AUTORELEASING = YES;
				CLANG_WARN_BOOL_CONVERSION = YES;
				CLANG_WARN_COMMA = YES;
				CLANG_WARN_CONSTANT_CONVERSION = YES;
				CLANG_WARN_DEPRECATED_OBJC_IMPLEMENTATIONS = YES;
				CLANG_WARN_DIRECT_OBJC_ISA_USAGE = YES_ERROR;
				CLANG_WARN_DOCUMENTATION_COMMENTS = YES;
				CLANG_WARN_EMPTY_BODY = YES;
				CLANG_WARN_ENUM_CONVERSION = YES;
				CLANG_WARN_INFINITE_RECURSION = YES;
				CLANG_WARN_INT_CONVERSION = YES;
				CLANG_WARN_NON_LITERAL_NULL_CONVERSION = YES;
				CLANG_WARN_OBJC_IMPLICIT_RETAIN_SELF = YES;
				CLANG_WARN_OBJC_LITERAL_CONVERSION = YES;
				CLANG_WARN_OBJC_ROOT_CLASS = YES_ERROR;
				CLANG_WARN_RANGE_LOOP_ANALYSIS = YES;
				CLANG_WARN_STRICT_PROTOTYPES = YES;
				CLANG_WARN_SUSPICIOUS_MOVE = YES;
				CLANG_WARN_UNGUARDED_AVAILABILITY = YES_AGGRESSIVE;
				CLANG_WARN_UNREACHABLE_CODE = YES;
				CLANG_WARN__DUPLICATE_METHOD_MATCH = YES;
				COPY_PHASE_STRIP = NO;
				DEBUG_INFORMATION_FORMAT = dwarf;
				ENABLE_STRICT_OBJC_MSGSEND = YES;
				ENABLE_TESTABILITY = YES;
				GCC_C_LANGUAGE_STANDARD = gnu11;
				GCC_DYNAMIC_NO_PIC = NO;
				GCC_NO_COMMON_BLOCKS = YES;
				GCC_OPTIMIZATION_LEVEL = 0;
				GCC_PREPROCESSOR_DEFINITIONS = (
					"DEBUG=1",
					"$(inherited)",
				);
				GCC_WARN_64_TO_32_BIT_CONVERSION = YES;
				GCC_WARN_ABOUT_RETURN_TYPE = YES_ERROR;
				GCC_WARN_UNDECLARED_SELECTOR = YES;
				GCC_WARN_UNINITIALIZED_AUTOS = YES_AGGRESSIVE;
				GCC_WARN_UNUSED_FUNCTION = YES;
				GCC_WARN_UNUSED_VARIABLE = YES;
				IPHONEOS_DEPLOYMENT_TARGET = 13.2;
				MTL_ENABLE_DEBUG_INFO = INCLUDE_SOURCE;
				MTL_FAST_MATH = YES;
				ONLY_ACTIVE_ARCH = YES;
				SDKROOT = iphoneos;
				SWIFT_ACTIVE_COMPILATION_CONDITIONS = DEBUG;
				SWIFT_OPTIMIZATION_LEVEL = "-Onone";
			};
			name = Debug;
		};
		26221A342469ED8600EEE9AD /* Release */ = {
			isa = XCBuildConfiguration;
			buildSettings = {
				ALWAYS_SEARCH_USER_PATHS = NO;
				CLANG_ANALYZER_NONNULL = YES;
				CLANG_ANALYZER_NUMBER_OBJECT_CONVERSION = YES_AGGRESSIVE;
				CLANG_CXX_LANGUAGE_STANDARD = "gnu++14";
				CLANG_CXX_LIBRARY = "libc++";
				CLANG_ENABLE_MODULES = YES;
				CLANG_ENABLE_OBJC_ARC = YES;
				CLANG_ENABLE_OBJC_WEAK = YES;
				CLANG_WARN_BLOCK_CAPTURE_AUTORELEASING = YES;
				CLANG_WARN_BOOL_CONVERSION = YES;
				CLANG_WARN_COMMA = YES;
				CLANG_WARN_CONSTANT_CONVERSION = YES;
				CLANG_WARN_DEPRECATED_OBJC_IMPLEMENTATIONS = YES;
				CLANG_WARN_DIRECT_OBJC_ISA_USAGE = YES_ERROR;
				CLANG_WARN_DOCUMENTATION_COMMENTS = YES;
				CLANG_WARN_EMPTY_BODY = YES;
				CLANG_WARN_ENUM_CONVERSION = YES;
				CLANG_WARN_INFINITE_RECURSION = YES;
				CLANG_WARN_INT_CONVERSION = YES;
				CLANG_WARN_NON_LITERAL_NULL_CONVERSION = YES;
				CLANG_WARN_OBJC_IMPLICIT_RETAIN_SELF = YES;
				CLANG_WARN_OBJC_LITERAL_CONVERSION = YES;
				CLANG_WARN_OBJC_ROOT_CLASS = YES_ERROR;
				CLANG_WARN_RANGE_LOOP_ANALYSIS = YES;
				CLANG_WARN_STRICT_PROTOTYPES = YES;
				CLANG_WARN_SUSPICIOUS_MOVE = YES;
				CLANG_WARN_UNGUARDED_AVAILABILITY = YES_AGGRESSIVE;
				CLANG_WARN_UNREACHABLE_CODE = YES;
				CLANG_WARN__DUPLICATE_METHOD_MATCH = YES;
				COPY_PHASE_STRIP = NO;
				DEBUG_INFORMATION_FORMAT = "dwarf-with-dsym";
				ENABLE_NS_ASSERTIONS = NO;
				ENABLE_STRICT_OBJC_MSGSEND = YES;
				GCC_C_LANGUAGE_STANDARD = gnu11;
				GCC_NO_COMMON_BLOCKS = YES;
				GCC_WARN_64_TO_32_BIT_CONVERSION = YES;
				GCC_WARN_ABOUT_RETURN_TYPE = YES_ERROR;
				GCC_WARN_UNDECLARED_SELECTOR = YES;
				GCC_WARN_UNINITIALIZED_AUTOS = YES_AGGRESSIVE;
				GCC_WARN_UNUSED_FUNCTION = YES;
				GCC_WARN_UNUSED_VARIABLE = YES;
				IPHONEOS_DEPLOYMENT_TARGET = 13.2;
				MTL_ENABLE_DEBUG_INFO = NO;
				MTL_FAST_MATH = YES;
				SDKROOT = iphoneos;
				SWIFT_COMPILATION_MODE = wholemodule;
				SWIFT_OPTIMIZATION_LEVEL = "-O";
				VALIDATE_PRODUCT = YES;
			};
			name = Release;
		};
		26221A362469ED8600EEE9AD /* Debug */ = {
			isa = XCBuildConfiguration;
			buildSettings = {
				ASSETCATALOG_COMPILER_APPICON_NAME = AppIcon;
				CODE_SIGN_STYLE = Automatic;
				INFOPLIST_FILE = LearnAlgo/Info.plist;
				LD_RUNPATH_SEARCH_PATHS = (
					"$(inherited)",
					"@executable_path/Frameworks",
				);
				PRODUCT_BUNDLE_IDENTIFIER = enjoy.coding.LearnAlgo;
				PRODUCT_NAME = "$(TARGET_NAME)";
				SWIFT_VERSION = 5.0;
				TARGETED_DEVICE_FAMILY = "1,2";
			};
			name = Debug;
		};
		26221A372469ED8600EEE9AD /* Release */ = {
			isa = XCBuildConfiguration;
			buildSettings = {
				ASSETCATALOG_COMPILER_APPICON_NAME = AppIcon;
				CODE_SIGN_STYLE = Automatic;
				INFOPLIST_FILE = LearnAlgo/Info.plist;
				LD_RUNPATH_SEARCH_PATHS = (
					"$(inherited)",
					"@executable_path/Frameworks",
				);
				PRODUCT_BUNDLE_IDENTIFIER = enjoy.coding.LearnAlgo;
				PRODUCT_NAME = "$(TARGET_NAME)";
				SWIFT_VERSION = 5.0;
				TARGETED_DEVICE_FAMILY = "1,2";
			};
			name = Release;
		};
/* End XCBuildConfiguration section */

/* Begin XCConfigurationList section */
		26221A1C2469ED8400EEE9AD /* Build configuration list for PBXProject "LearnAlgo" */ = {
			isa = XCConfigurationList;
			buildConfigurations = (
				26221A332469ED8600EEE9AD /* Debug */,
				26221A342469ED8600EEE9AD /* Release */,
			);
			defaultConfigurationIsVisible = 0;
			defaultConfigurationName = Release;
		};
		26221A352469ED8600EEE9AD /* Build configuration list for PBXNativeTarget "LearnAlgo" */ = {
			isa = XCConfigurationList;
			buildConfigurations = (
				26221A362469ED8600EEE9AD /* Debug */,
				26221A372469ED8600EEE9AD /* Release */,
			);
			defaultConfigurationIsVisible = 0;
			defaultConfigurationName = Release;
		};
/* End XCConfigurationList section */
	};
	rootObject = 26221A192469ED8400EEE9AD /* Project object */;
}
